{
  "name": "ags-wasm",
  "lockfileVersion": 3,
  "requires": true,
  "packages": {
    "": {
      "devDependencies": {
        "@gemini-hlsw/lucuma-wasm": "0.1.0"
      }
    },
    "node_modules/@gemini-hlsw/lucuma-wasm": {
      "version": "0.1.0",
      "resolved": "https://registry.npmjs.org/@gemini-hlsw/lucuma-wasm/-/lucuma-wasm-0.1.0.tgz",
      "integrity": "sha512-x+af7fvhFyOswaPeDFwcJIfdgb29v8JZ3Ihra9kryaxtioi7akRJxyajYD8E05yHByxKWgAt/KseOoHjeAwJXA==",
      "dev": true,
      "license": "BSD-3-Clause"
    }
  }
}
