{
  "name": "ags-wasm",
  "lockfileVersion": 3,
  "requires": true,
  "packages": {
    "": {
      "devDependencies": {
        "lucuma-geo-wasm": "file:vendor/lucuma-geo-wasm-0.1.1.tgz"
      }
    },
    "node_modules/lucuma-geo-wasm": {
      "version": "0.1.1",
      "resolved": "file:vendor/lucuma-geo-wasm-0.1.1.tgz",
      "integrity": "sha512-v+0SiBMsJUgBhKlzi/JQoDX5Q4Dd+FW3xllfGPIeT5bxl26GnzbC7WCJomC1RMTukzp4GIOz0mlSoflE9iR1Zw==",
      "dev": true,
      "license": "BSD-3-Clause"
    }
  }
}
