{
  "name": "ags-wasm",
  "lockfileVersion": 3,
  "requires": true,
  "packages": {
    "": {
      "devDependencies": {
        "lucuma-geo-wasm": "file:vendor/lucuma-geo-wasm-0.1.0.tgz"
      }
    },
    "node_modules/lucuma-geo-wasm": {
      "version": "0.1.0",
      "resolved": "file:vendor/lucuma-geo-wasm-0.1.0.tgz",
      "integrity": "sha512-/gw+DflLinNa99qzWbVotIwaTVuJZJXmqwU9OTqpI5Q7a7OCZQNFRSFlr2DLtdav6ave7P6i2BrJlx20ePzVSw==",
      "dev": true,
      "license": "BSD-3-Clause"
    }
  }
}
